// !$*UTF8*$!
{
	archiveVersion = 1;
	classes = {
	};
	objectVersion = 51;
	objects = {

/* Begin PBXBuildFile section */
		9F8346BBB515E0375508C45E /* Pods_NoExpense.framework in Frameworks */ = {isa = PBXBuildFile; fileRef = CB5FBB406AD2AE8555DA450A /* Pods_NoExpense.framework */; };
		C47D5CCC63BA8DA6E64F82AD /* Pods_NoExpenseTests.framework in Frameworks */ = {isa = PBXBuildFile; fileRef = E55CDFE1B63E57D43E4ADA9F /* Pods_NoExpenseTests.framework */; };
		FD2254B522E0FCAC006301CE /* AppDelegate.swift in Sources */ = {isa = PBXBuildFile; fileRef = FD2254B422E0FCAC006301CE /* AppDelegate.swift */; };
		FD2254B722E0FCAC006301CE /* ViewController.swift in Sources */ = {isa = PBXBuildFile; fileRef = FD2254B622E0FCAC006301CE /* ViewController.swift */; };
		FD2254BC22E0FCAE006301CE /* Assets.xcassets in Resources */ = {isa = PBXBuildFile; fileRef = FD2254BB22E0FCAE006301CE /* Assets.xcassets */; };
		FD2254BF22E0FCAE006301CE /* LaunchScreen.storyboard in Resources */ = {isa = PBXBuildFile; fileRef = FD2254BD22E0FCAE006301CE /* LaunchScreen.storyboard */; };
		FD2254CE22E0FDD8006301CE /* NoExpenseTests.swift in Sources */ = {isa = PBXBuildFile; fileRef = FD2254CD22E0FDD8006301CE /* NoExpenseTests.swift */; };
		FD2254D722E1089A006301CE /* Scene.swift in Sources */ = {isa = PBXBuildFile; fileRef = FD2254D622E1089A006301CE /* Scene.swift */; };
		FD2254D922E108CF006301CE /* SceneCoordinator.swift in Sources */ = {isa = PBXBuildFile; fileRef = FD2254D822E108CF006301CE /* SceneCoordinator.swift */; };
		FD2254DB22E108E4006301CE /* SceneCoordinatorType.swift in Sources */ = {isa = PBXBuildFile; fileRef = FD2254DA22E108E4006301CE /* SceneCoordinatorType.swift */; };
		FD2254DD22E10BE1006301CE /* Scene+ViewController.swift in Sources */ = {isa = PBXBuildFile; fileRef = FD2254DC22E10BE0006301CE /* Scene+ViewController.swift */; };
		FD2254DF22E10C8C006301CE /* SceneTransitionType.swift in Sources */ = {isa = PBXBuildFile; fileRef = FD2254DE22E10C8C006301CE /* SceneTransitionType.swift */; };
		FD2254E222E18F97006301CE /* UINavigationController+Rx.swift in Sources */ = {isa = PBXBuildFile; fileRef = FD2254E122E18F97006301CE /* UINavigationController+Rx.swift */; };
		FD2254E522E1911A006301CE /* EditExpenseViewController.swift in Sources */ = {isa = PBXBuildFile; fileRef = FD2254E422E1911A006301CE /* EditExpenseViewController.swift */; };
		FD2254E922E197FA006301CE /* TransactionsViewController.swift in Sources */ = {isa = PBXBuildFile; fileRef = FD2254E822E197FA006301CE /* TransactionsViewController.swift */; };
		FD2254EB22E198E6006301CE /* EditExpense.storyboard in Resources */ = {isa = PBXBuildFile; fileRef = FD2254EA22E198E6006301CE /* EditExpense.storyboard */; };
		FD2254ED22E1990F006301CE /* Transactions.storyboard in Resources */ = {isa = PBXBuildFile; fileRef = FD2254EC22E1990F006301CE /* Transactions.storyboard */; };
		FD2254EF22E19AB5006301CE /* TransactionsViewModel.swift in Sources */ = {isa = PBXBuildFile; fileRef = FD2254EE22E19AB5006301CE /* TransactionsViewModel.swift */; };
		FD2254F222E19B29006301CE /* TransactionServiceType.swift in Sources */ = {isa = PBXBuildFile; fileRef = FD2254F122E19B29006301CE /* TransactionServiceType.swift */; };
		FD2254F522E19B59006301CE /* TransactionItem.swift in Sources */ = {isa = PBXBuildFile; fileRef = FD2254F422E19B59006301CE /* TransactionItem.swift */; };
		FD2254F722E1A02E006301CE /* BindableType.swift in Sources */ = {isa = PBXBuildFile; fileRef = FD2254F622E1A02E006301CE /* BindableType.swift */; };
		FD2254F922E1A0C4006301CE /* EditExpenseViewModel.swift in Sources */ = {isa = PBXBuildFile; fileRef = FD2254F822E1A0C4006301CE /* EditExpenseViewModel.swift */; };
		FD2254FB22E1A553006301CE /* TransactionService.swift in Sources */ = {isa = PBXBuildFile; fileRef = FD2254FA22E1A553006301CE /* TransactionService.swift */; };
		FD2254FF22E1B67C006301CE /* TransactionCell.swift in Sources */ = {isa = PBXBuildFile; fileRef = FD2254FD22E1B67C006301CE /* TransactionCell.swift */; };
		FD22550022E1B67C006301CE /* TransactionCell.xib in Resources */ = {isa = PBXBuildFile; fileRef = FD2254FE22E1B67C006301CE /* TransactionCell.xib */; };
		FD22550422E1DEAF006301CE /* UpdateInfo.swift in Sources */ = {isa = PBXBuildFile; fileRef = FD22550322E1DEAF006301CE /* UpdateInfo.swift */; };
		FD22550A22E1EAB3006301CE /* Date+Extensions.swift in Sources */ = {isa = PBXBuildFile; fileRef = FD22550922E1EAB3006301CE /* Date+Extensions.swift */; };
		FD22550D22E1EAFC006301CE /* Localizable.strings in Resources */ = {isa = PBXBuildFile; fileRef = FD22550C22E1EAFC006301CE /* Localizable.strings */; };
		FD22550F22E1ED3D006301CE /* String+Extensions.swift in Sources */ = {isa = PBXBuildFile; fileRef = FD22550E22E1ED3D006301CE /* String+Extensions.swift */; };
		FD22551322E208C8006301CE /* CategoryType.swift in Sources */ = {isa = PBXBuildFile; fileRef = FD22551222E208C8006301CE /* CategoryType.swift */; };
		FD3D7CB222E34BAE00CE5B10 /* OverviewViewController.swift in Sources */ = {isa = PBXBuildFile; fileRef = FD3D7CB122E34BAE00CE5B10 /* OverviewViewController.swift */; };
		FD3D7CB422E34BB600CE5B10 /* Overview.storyboard in Resources */ = {isa = PBXBuildFile; fileRef = FD3D7CB322E34BB600CE5B10 /* Overview.storyboard */; };
		FD3D7CB822E39AD600CE5B10 /* OverviewType.swift in Sources */ = {isa = PBXBuildFile; fileRef = FD3D7CB722E39AD600CE5B10 /* OverviewType.swift */; };
		FD3D7CBA22E3A0E800CE5B10 /* UIView+Extensions.swift in Sources */ = {isa = PBXBuildFile; fileRef = FD3D7CB922E3A0E800CE5B10 /* UIView+Extensions.swift */; };
		FD3D7CBC22E3E3E800CE5B10 /* Int+Extensions.swift in Sources */ = {isa = PBXBuildFile; fileRef = FD3D7CBB22E3E3E800CE5B10 /* Int+Extensions.swift */; };
		FD3D7CBE22E3E71700CE5B10 /* OverviewViewModel.swift in Sources */ = {isa = PBXBuildFile; fileRef = FD3D7CBD22E3E71700CE5B10 /* OverviewViewModel.swift */; };
/* End PBXBuildFile section */

/* Begin PBXContainerItemProxy section */
		FD2254D022E0FDD8006301CE /* PBXContainerItemProxy */ = {
			isa = PBXContainerItemProxy;
			containerPortal = FD2254A922E0FCAC006301CE /* Project object */;
			proxyType = 1;
			remoteGlobalIDString = FD2254B022E0FCAC006301CE;
			remoteInfo = NoExpense;
		};
/* End PBXContainerItemProxy section */

/* Begin PBXFileReference section */
		5314B4197631E017933706EA /* Pods-NoExpenseTests.release.xcconfig */ = {isa = PBXFileReference; includeInIndex = 1; lastKnownFileType = text.xcconfig; name = "Pods-NoExpenseTests.release.xcconfig"; path = "Target Support Files/Pods-NoExpenseTests/Pods-NoExpenseTests.release.xcconfig"; sourceTree = "<group>"; };
		7E5245EC9C9448F17D7E1652 /* Pods-NoExpense.debug.xcconfig */ = {isa = PBXFileReference; includeInIndex = 1; lastKnownFileType = text.xcconfig; name = "Pods-NoExpense.debug.xcconfig"; path = "Target Support Files/Pods-NoExpense/Pods-NoExpense.debug.xcconfig"; sourceTree = "<group>"; };
		9B288F2EAEA7A94EE446420E /* Pods-NoExpense.release.xcconfig */ = {isa = PBXFileReference; includeInIndex = 1; lastKnownFileType = text.xcconfig; name = "Pods-NoExpense.release.xcconfig"; path = "Target Support Files/Pods-NoExpense/Pods-NoExpense.release.xcconfig"; sourceTree = "<group>"; };
		C99B7BB63AAD57F9B6C83BFC /* Pods-NoExpenseTests.debug.xcconfig */ = {isa = PBXFileReference; includeInIndex = 1; lastKnownFileType = text.xcconfig; name = "Pods-NoExpenseTests.debug.xcconfig"; path = "Target Support Files/Pods-NoExpenseTests/Pods-NoExpenseTests.debug.xcconfig"; sourceTree = "<group>"; };
		CB5FBB406AD2AE8555DA450A /* Pods_NoExpense.framework */ = {isa = PBXFileReference; explicitFileType = wrapper.framework; includeInIndex = 0; path = Pods_NoExpense.framework; sourceTree = BUILT_PRODUCTS_DIR; };
		E55CDFE1B63E57D43E4ADA9F /* Pods_NoExpenseTests.framework */ = {isa = PBXFileReference; explicitFileType = wrapper.framework; includeInIndex = 0; path = Pods_NoExpenseTests.framework; sourceTree = BUILT_PRODUCTS_DIR; };
		FD2254B122E0FCAC006301CE /* NoExpense.app */ = {isa = PBXFileReference; explicitFileType = wrapper.application; includeInIndex = 0; path = NoExpense.app; sourceTree = BUILT_PRODUCTS_DIR; };
		FD2254B422E0FCAC006301CE /* AppDelegate.swift */ = {isa = PBXFileReference; lastKnownFileType = sourcecode.swift; path = AppDelegate.swift; sourceTree = "<group>"; };
		FD2254B622E0FCAC006301CE /* ViewController.swift */ = {isa = PBXFileReference; lastKnownFileType = sourcecode.swift; path = ViewController.swift; sourceTree = "<group>"; };
		FD2254BB22E0FCAE006301CE /* Assets.xcassets */ = {isa = PBXFileReference; lastKnownFileType = folder.assetcatalog; path = Assets.xcassets; sourceTree = "<group>"; };
		FD2254BE22E0FCAE006301CE /* Base */ = {isa = PBXFileReference; lastKnownFileType = file.storyboard; name = Base; path = Base.lproj/LaunchScreen.storyboard; sourceTree = "<group>"; };
		FD2254C022E0FCAE006301CE /* Info.plist */ = {isa = PBXFileReference; lastKnownFileType = text.plist.xml; path = Info.plist; sourceTree = "<group>"; };
		FD2254CB22E0FDD8006301CE /* NoExpenseTests.xctest */ = {isa = PBXFileReference; explicitFileType = wrapper.cfbundle; includeInIndex = 0; path = NoExpenseTests.xctest; sourceTree = BUILT_PRODUCTS_DIR; };
		FD2254CD22E0FDD8006301CE /* NoExpenseTests.swift */ = {isa = PBXFileReference; lastKnownFileType = sourcecode.swift; path = NoExpenseTests.swift; sourceTree = "<group>"; };
		FD2254CF22E0FDD8006301CE /* Info.plist */ = {isa = PBXFileReference; lastKnownFileType = text.plist.xml; path = Info.plist; sourceTree = "<group>"; };
		FD2254D622E1089A006301CE /* Scene.swift */ = {isa = PBXFileReference; lastKnownFileType = sourcecode.swift; path = Scene.swift; sourceTree = "<group>"; };
		FD2254D822E108CF006301CE /* SceneCoordinator.swift */ = {isa = PBXFileReference; lastKnownFileType = sourcecode.swift; path = SceneCoordinator.swift; sourceTree = "<group>"; };
		FD2254DA22E108E4006301CE /* SceneCoordinatorType.swift */ = {isa = PBXFileReference; lastKnownFileType = sourcecode.swift; path = SceneCoordinatorType.swift; sourceTree = "<group>"; };
		FD2254DC22E10BE0006301CE /* Scene+ViewController.swift */ = {isa = PBXFileReference; lastKnownFileType = sourcecode.swift; path = "Scene+ViewController.swift"; sourceTree = "<group>"; };
		FD2254DE22E10C8C006301CE /* SceneTransitionType.swift */ = {isa = PBXFileReference; lastKnownFileType = sourcecode.swift; path = SceneTransitionType.swift; sourceTree = "<group>"; };
		FD2254E122E18F97006301CE /* UINavigationController+Rx.swift */ = {isa = PBXFileReference; lastKnownFileType = sourcecode.swift; path = "UINavigationController+Rx.swift"; sourceTree = "<group>"; };
		FD2254E422E1911A006301CE /* EditExpenseViewController.swift */ = {isa = PBXFileReference; lastKnownFileType = sourcecode.swift; path = EditExpenseViewController.swift; sourceTree = "<group>"; };
		FD2254E822E197FA006301CE /* TransactionsViewController.swift */ = {isa = PBXFileReference; lastKnownFileType = sourcecode.swift; path = TransactionsViewController.swift; sourceTree = "<group>"; };
		FD2254EA22E198E6006301CE /* EditExpense.storyboard */ = {isa = PBXFileReference; lastKnownFileType = file.storyboard; path = EditExpense.storyboard; sourceTree = "<group>"; };
		FD2254EC22E1990F006301CE /* Transactions.storyboard */ = {isa = PBXFileReference; lastKnownFileType = file.storyboard; path = Transactions.storyboard; sourceTree = "<group>"; };
		FD2254EE22E19AB5006301CE /* TransactionsViewModel.swift */ = {isa = PBXFileReference; lastKnownFileType = sourcecode.swift; path = TransactionsViewModel.swift; sourceTree = "<group>"; };
		FD2254F122E19B29006301CE /* TransactionServiceType.swift */ = {isa = PBXFileReference; lastKnownFileType = sourcecode.swift; path = TransactionServiceType.swift; sourceTree = "<group>"; };
		FD2254F422E19B59006301CE /* TransactionItem.swift */ = {isa = PBXFileReference; lastKnownFileType = sourcecode.swift; path = TransactionItem.swift; sourceTree = "<group>"; };
		FD2254F622E1A02E006301CE /* BindableType.swift */ = {isa = PBXFileReference; lastKnownFileType = sourcecode.swift; path = BindableType.swift; sourceTree = "<group>"; };
		FD2254F822E1A0C4006301CE /* EditExpenseViewModel.swift */ = {isa = PBXFileReference; lastKnownFileType = sourcecode.swift; path = EditExpenseViewModel.swift; sourceTree = "<group>"; };
		FD2254FA22E1A553006301CE /* TransactionService.swift */ = {isa = PBXFileReference; lastKnownFileType = sourcecode.swift; path = TransactionService.swift; sourceTree = "<group>"; };
		FD2254FD22E1B67C006301CE /* TransactionCell.swift */ = {isa = PBXFileReference; lastKnownFileType = sourcecode.swift; path = TransactionCell.swift; sourceTree = "<group>"; };
		FD2254FE22E1B67C006301CE /* TransactionCell.xib */ = {isa = PBXFileReference; lastKnownFileType = file.xib; path = TransactionCell.xib; sourceTree = "<group>"; };
		FD22550322E1DEAF006301CE /* UpdateInfo.swift */ = {isa = PBXFileReference; lastKnownFileType = sourcecode.swift; path = UpdateInfo.swift; sourceTree = "<group>"; };
		FD22550922E1EAB3006301CE /* Date+Extensions.swift */ = {isa = PBXFileReference; lastKnownFileType = sourcecode.swift; path = "Date+Extensions.swift"; sourceTree = "<group>"; };
		FD22550C22E1EAFC006301CE /* Localizable.strings */ = {isa = PBXFileReference; lastKnownFileType = text.plist.strings; path = Localizable.strings; sourceTree = "<group>"; };
		FD22550E22E1ED3D006301CE /* String+Extensions.swift */ = {isa = PBXFileReference; lastKnownFileType = sourcecode.swift; path = "String+Extensions.swift"; sourceTree = "<group>"; };
		FD22551222E208C8006301CE /* CategoryType.swift */ = {isa = PBXFileReference; fileEncoding = 4; lastKnownFileType = sourcecode.swift; path = CategoryType.swift; sourceTree = "<group>"; };
		FD3D7CB122E34BAE00CE5B10 /* OverviewViewController.swift */ = {isa = PBXFileReference; lastKnownFileType = sourcecode.swift; path = OverviewViewController.swift; sourceTree = "<group>"; };
		FD3D7CB322E34BB600CE5B10 /* Overview.storyboard */ = {isa = PBXFileReference; lastKnownFileType = file.storyboard; path = Overview.storyboard; sourceTree = "<group>"; };
		FD3D7CB722E39AD600CE5B10 /* OverviewType.swift */ = {isa = PBXFileReference; lastKnownFileType = sourcecode.swift; path = OverviewType.swift; sourceTree = "<group>"; };
		FD3D7CB922E3A0E800CE5B10 /* UIView+Extensions.swift */ = {isa = PBXFileReference; lastKnownFileType = sourcecode.swift; path = "UIView+Extensions.swift"; sourceTree = "<group>"; };
		FD3D7CBB22E3E3E800CE5B10 /* Int+Extensions.swift */ = {isa = PBXFileReference; lastKnownFileType = sourcecode.swift; path = "Int+Extensions.swift"; sourceTree = "<group>"; };
		FD3D7CBD22E3E71700CE5B10 /* OverviewViewModel.swift */ = {isa = PBXFileReference; fileEncoding = 4; lastKnownFileType = sourcecode.swift; path = OverviewViewModel.swift; sourceTree = "<group>"; };
/* End PBXFileReference section */

/* Begin PBXFrameworksBuildPhase section */
		FD2254AE22E0FCAC006301CE /* Frameworks */ = {
			isa = PBXFrameworksBuildPhase;
			buildActionMask = 2147483647;
			files = (
				9F8346BBB515E0375508C45E /* Pods_NoExpense.framework in Frameworks */,
			);
			runOnlyForDeploymentPostprocessing = 0;
		};
		FD2254C822E0FDD8006301CE /* Frameworks */ = {
			isa = PBXFrameworksBuildPhase;
			buildActionMask = 2147483647;
			files = (
				C47D5CCC63BA8DA6E64F82AD /* Pods_NoExpenseTests.framework in Frameworks */,
			);
			runOnlyForDeploymentPostprocessing = 0;
		};
/* End PBXFrameworksBuildPhase section */

/* Begin PBXGroup section */
		6D7B889EF337F1EE9BACF9E3 /* Pods */ = {
			isa = PBXGroup;
			children = (
				7E5245EC9C9448F17D7E1652 /* Pods-NoExpense.debug.xcconfig */,
				9B288F2EAEA7A94EE446420E /* Pods-NoExpense.release.xcconfig */,
				C99B7BB63AAD57F9B6C83BFC /* Pods-NoExpenseTests.debug.xcconfig */,
				5314B4197631E017933706EA /* Pods-NoExpenseTests.release.xcconfig */,
			);
			path = Pods;
			sourceTree = "<group>";
		};
		A1D15D4694D3AF6F3E917D37 /* Frameworks */ = {
			isa = PBXGroup;
			children = (
				CB5FBB406AD2AE8555DA450A /* Pods_NoExpense.framework */,
				E55CDFE1B63E57D43E4ADA9F /* Pods_NoExpenseTests.framework */,
			);
			name = Frameworks;
			sourceTree = "<group>";
		};
		FD2254A822E0FCAC006301CE = {
			isa = PBXGroup;
			children = (
				FD2254B322E0FCAC006301CE /* NoExpense */,
				FD2254CC22E0FDD8006301CE /* NoExpenseTests */,
				FD2254B222E0FCAC006301CE /* Products */,
				6D7B889EF337F1EE9BACF9E3 /* Pods */,
				A1D15D4694D3AF6F3E917D37 /* Frameworks */,
			);
			sourceTree = "<group>";
		};
		FD2254B222E0FCAC006301CE /* Products */ = {
			isa = PBXGroup;
			children = (
				FD2254B122E0FCAC006301CE /* NoExpense.app */,
				FD2254CB22E0FDD8006301CE /* NoExpenseTests.xctest */,
			);
			name = Products;
			sourceTree = "<group>";
		};
		FD2254B322E0FCAC006301CE /* NoExpense */ = {
			isa = PBXGroup;
			children = (
				FD2254B422E0FCAC006301CE /* AppDelegate.swift */,
				FD22550B22E1EADB006301CE /* Localization */,
				FD2254E322E190F5006301CE /* Controllers */,
				FD2254E022E18F7D006301CE /* Extensions */,
				FD2254F322E19B47006301CE /* Model */,
				FD2254D522E1088F006301CE /* Scene */,
				FD2254F022E19AE6006301CE /* Services */,
				FD2254FC22E1B657006301CE /* Cells */,
				FD2254BB22E0FCAE006301CE /* Assets.xcassets */,
				FD2254BD22E0FCAE006301CE /* LaunchScreen.storyboard */,
				FD2254C022E0FCAE006301CE /* Info.plist */,
			);
			path = NoExpense;
			sourceTree = "<group>";
		};
		FD2254CC22E0FDD8006301CE /* NoExpenseTests */ = {
			isa = PBXGroup;
			children = (
				FD2254CD22E0FDD8006301CE /* NoExpenseTests.swift */,
				FD2254CF22E0FDD8006301CE /* Info.plist */,
			);
			path = NoExpenseTests;
			sourceTree = "<group>";
		};
		FD2254D522E1088F006301CE /* Scene */ = {
			isa = PBXGroup;
			children = (
				FD2254D622E1089A006301CE /* Scene.swift */,
				FD2254DC22E10BE0006301CE /* Scene+ViewController.swift */,
				FD2254DA22E108E4006301CE /* SceneCoordinatorType.swift */,
				FD2254D822E108CF006301CE /* SceneCoordinator.swift */,
				FD2254DE22E10C8C006301CE /* SceneTransitionType.swift */,
			);
			path = Scene;
			sourceTree = "<group>";
		};
		FD2254E022E18F7D006301CE /* Extensions */ = {
			isa = PBXGroup;
			children = (
				FD2254E122E18F97006301CE /* UINavigationController+Rx.swift */,
				FD22550922E1EAB3006301CE /* Date+Extensions.swift */,
				FD22550E22E1ED3D006301CE /* String+Extensions.swift */,
				FD3D7CBB22E3E3E800CE5B10 /* Int+Extensions.swift */,
				FD3D7CB922E3A0E800CE5B10 /* UIView+Extensions.swift */,
			);
			path = Extensions;
			sourceTree = "<group>";
		};
		FD2254E322E190F5006301CE /* Controllers */ = {
			isa = PBXGroup;
			children = (
				FD2254B622E0FCAC006301CE /* ViewController.swift */,
				FD3D7CB022E34B9A00CE5B10 /* Overview */,
				FD2254E722E196FE006301CE /* Transaction */,
				FD2254E622E196D9006301CE /* EditExpense */,
			);
			path = Controllers;
			sourceTree = "<group>";
		};
		FD2254E622E196D9006301CE /* EditExpense */ = {
			isa = PBXGroup;
			children = (
				FD2254F822E1A0C4006301CE /* EditExpenseViewModel.swift */,
				FD2254E422E1911A006301CE /* EditExpenseViewController.swift */,
				FD2254EA22E198E6006301CE /* EditExpense.storyboard */,
			);
			path = EditExpense;
			sourceTree = "<group>";
		};
		FD2254E722E196FE006301CE /* Transaction */ = {
			isa = PBXGroup;
			children = (
				FD2254EE22E19AB5006301CE /* TransactionsViewModel.swift */,
				FD2254E822E197FA006301CE /* TransactionsViewController.swift */,
				FD2254EC22E1990F006301CE /* Transactions.storyboard */,
			);
			path = Transaction;
			sourceTree = "<group>";
		};
		FD2254F022E19AE6006301CE /* Services */ = {
			isa = PBXGroup;
			children = (
				FD2254F122E19B29006301CE /* TransactionServiceType.swift */,
				FD2254FA22E1A553006301CE /* TransactionService.swift */,
			);
			path = Services;
			sourceTree = "<group>";
		};
		FD2254F322E19B47006301CE /* Model */ = {
			isa = PBXGroup;
			children = (
				FD2254F422E19B59006301CE /* TransactionItem.swift */,
				FD22550322E1DEAF006301CE /* UpdateInfo.swift */,
				FD22551222E208C8006301CE /* CategoryType.swift */,
				FD2254F622E1A02E006301CE /* BindableType.swift */,
			);
			path = Model;
			sourceTree = "<group>";
		};
		FD2254FC22E1B657006301CE /* Cells */ = {
			isa = PBXGroup;
			children = (
				FD2254FD22E1B67C006301CE /* TransactionCell.swift */,
				FD2254FE22E1B67C006301CE /* TransactionCell.xib */,
			);
			path = Cells;
			sourceTree = "<group>";
		};
		FD22550B22E1EADB006301CE /* Localization */ = {
			isa = PBXGroup;
			children = (
				FD22550C22E1EAFC006301CE /* Localizable.strings */,
			);
			path = Localization;
			sourceTree = "<group>";
		};
		FD3D7CB022E34B9A00CE5B10 /* Overview */ = {
			isa = PBXGroup;
			children = (
				FD3D7CB722E39AD600CE5B10 /* OverviewType.swift */,
				FD3D7CBD22E3E71700CE5B10 /* OverviewViewModel.swift */,
				FD3D7CB122E34BAE00CE5B10 /* OverviewViewController.swift */,
				FD3D7CB322E34BB600CE5B10 /* Overview.storyboard */,
			);
			path = Overview;
			sourceTree = "<group>";
		};
/* End PBXGroup section */

/* Begin PBXNativeTarget section */
		FD2254B022E0FCAC006301CE /* NoExpense */ = {
			isa = PBXNativeTarget;
			buildConfigurationList = FD2254C322E0FCAE006301CE /* Build configuration list for PBXNativeTarget "NoExpense" */;
			buildPhases = (
				67135B91A6156065189609E6 /* [CP] Check Pods Manifest.lock */,
				FD2254AD22E0FCAC006301CE /* Sources */,
				FD2254AE22E0FCAC006301CE /* Frameworks */,
				FD2254AF22E0FCAC006301CE /* Resources */,
				FD2254C622E0FCD0006301CE /* Run Script - SwiftLint */,
				CD9F11B287C3267EDF19E5A6 /* [CP] Embed Pods Frameworks */,
			);
			buildRules = (
			);
			dependencies = (
			);
			name = NoExpense;
			productName = NoExpense;
			productReference = FD2254B122E0FCAC006301CE /* NoExpense.app */;
			productType = "com.apple.product-type.application";
		};
		FD2254CA22E0FDD8006301CE /* NoExpenseTests */ = {
			isa = PBXNativeTarget;
			buildConfigurationList = FD2254D422E0FDD8006301CE /* Build configuration list for PBXNativeTarget "NoExpenseTests" */;
			buildPhases = (
				5BE99A2047C8CC181237742B /* [CP] Check Pods Manifest.lock */,
				FD2254C722E0FDD8006301CE /* Sources */,
				FD2254C822E0FDD8006301CE /* Frameworks */,
				FD2254C922E0FDD8006301CE /* Resources */,
			);
			buildRules = (
			);
			dependencies = (
				FD2254D122E0FDD8006301CE /* PBXTargetDependency */,
			);
			name = NoExpenseTests;
			productName = NoExpenseTests;
			productReference = FD2254CB22E0FDD8006301CE /* NoExpenseTests.xctest */;
			productType = "com.apple.product-type.bundle.unit-test";
		};
/* End PBXNativeTarget section */

/* Begin PBXProject section */
		FD2254A922E0FCAC006301CE /* Project object */ = {
			isa = PBXProject;
			attributes = {
				LastSwiftUpdateCheck = 1020;
				LastUpgradeCheck = 1020;
				ORGANIZATIONNAME = "Aashish Tamsya";
				TargetAttributes = {
					FD2254B022E0FCAC006301CE = {
						CreatedOnToolsVersion = 10.2.1;
					};
					FD2254CA22E0FDD8006301CE = {
						CreatedOnToolsVersion = 10.2.1;
						TestTargetID = FD2254B022E0FCAC006301CE;
					};
				};
			};
			buildConfigurationList = FD2254AC22E0FCAC006301CE /* Build configuration list for PBXProject "NoExpense" */;
			compatibilityVersion = "Xcode 9.3";
			developmentRegion = en;
			hasScannedForEncodings = 0;
			knownRegions = (
				en,
				Base,
			);
			mainGroup = FD2254A822E0FCAC006301CE;
			productRefGroup = FD2254B222E0FCAC006301CE /* Products */;
			projectDirPath = "";
			projectRoot = "";
			targets = (
				FD2254B022E0FCAC006301CE /* NoExpense */,
				FD2254CA22E0FDD8006301CE /* NoExpenseTests */,
			);
		};
/* End PBXProject section */

/* Begin PBXResourcesBuildPhase section */
		FD2254AF22E0FCAC006301CE /* Resources */ = {
			isa = PBXResourcesBuildPhase;
			buildActionMask = 2147483647;
			files = (
				FD2254BF22E0FCAE006301CE /* LaunchScreen.storyboard in Resources */,
				FD22550D22E1EAFC006301CE /* Localizable.strings in Resources */,
				FD3D7CB422E34BB600CE5B10 /* Overview.storyboard in Resources */,
				FD2254EB22E198E6006301CE /* EditExpense.storyboard in Resources */,
				FD2254BC22E0FCAE006301CE /* Assets.xcassets in Resources */,
				FD2254ED22E1990F006301CE /* Transactions.storyboard in Resources */,
				FD22550022E1B67C006301CE /* TransactionCell.xib in Resources */,
			);
			runOnlyForDeploymentPostprocessing = 0;
		};
		FD2254C922E0FDD8006301CE /* Resources */ = {
			isa = PBXResourcesBuildPhase;
			buildActionMask = 2147483647;
			files = (
			);
			runOnlyForDeploymentPostprocessing = 0;
		};
/* End PBXResourcesBuildPhase section */

/* Begin PBXShellScriptBuildPhase section */
		5BE99A2047C8CC181237742B /* [CP] Check Pods Manifest.lock */ = {
			isa = PBXShellScriptBuildPhase;
			buildActionMask = 2147483647;
			files = (
			);
			inputFileListPaths = (
			);
			inputPaths = (
				"${PODS_PODFILE_DIR_PATH}/Podfile.lock",
				"${PODS_ROOT}/Manifest.lock",
			);
			name = "[CP] Check Pods Manifest.lock";
			outputFileListPaths = (
			);
			outputPaths = (
				"$(DERIVED_FILE_DIR)/Pods-NoExpenseTests-checkManifestLockResult.txt",
			);
			runOnlyForDeploymentPostprocessing = 0;
			shellPath = /bin/sh;
			shellScript = "diff \"${PODS_PODFILE_DIR_PATH}/Podfile.lock\" \"${PODS_ROOT}/Manifest.lock\" > /dev/null\nif [ $? != 0 ] ; then\n    # print error to STDERR\n    echo \"error: The sandbox is not in sync with the Podfile.lock. Run 'pod install' or update your CocoaPods installation.\" >&2\n    exit 1\nfi\n# This output is used by Xcode 'outputs' to avoid re-running this script phase.\necho \"SUCCESS\" > \"${SCRIPT_OUTPUT_FILE_0}\"\n";
			showEnvVarsInLog = 0;
		};
		67135B91A6156065189609E6 /* [CP] Check Pods Manifest.lock */ = {
			isa = PBXShellScriptBuildPhase;
			buildActionMask = 2147483647;
			files = (
			);
			inputFileListPaths = (
			);
			inputPaths = (
				"${PODS_PODFILE_DIR_PATH}/Podfile.lock",
				"${PODS_ROOT}/Manifest.lock",
			);
			name = "[CP] Check Pods Manifest.lock";
			outputFileListPaths = (
			);
			outputPaths = (
				"$(DERIVED_FILE_DIR)/Pods-NoExpense-checkManifestLockResult.txt",
			);
			runOnlyForDeploymentPostprocessing = 0;
			shellPath = /bin/sh;
			shellScript = "diff \"${PODS_PODFILE_DIR_PATH}/Podfile.lock\" \"${PODS_ROOT}/Manifest.lock\" > /dev/null\nif [ $? != 0 ] ; then\n    # print error to STDERR\n    echo \"error: The sandbox is not in sync with the Podfile.lock. Run 'pod install' or update your CocoaPods installation.\" >&2\n    exit 1\nfi\n# This output is used by Xcode 'outputs' to avoid re-running this script phase.\necho \"SUCCESS\" > \"${SCRIPT_OUTPUT_FILE_0}\"\n";
			showEnvVarsInLog = 0;
		};
		CD9F11B287C3267EDF19E5A6 /* [CP] Embed Pods Frameworks */ = {
			isa = PBXShellScriptBuildPhase;
			buildActionMask = 2147483647;
			files = (
			);
			inputFileListPaths = (
				"${PODS_ROOT}/Target Support Files/Pods-NoExpense/Pods-NoExpense-frameworks-${CONFIGURATION}-input-files.xcfilelist",
			);
			name = "[CP] Embed Pods Frameworks";
			outputFileListPaths = (
				"${PODS_ROOT}/Target Support Files/Pods-NoExpense/Pods-NoExpense-frameworks-${CONFIGURATION}-output-files.xcfilelist",
			);
			runOnlyForDeploymentPostprocessing = 0;
			shellPath = /bin/sh;
			shellScript = "\"${PODS_ROOT}/Target Support Files/Pods-NoExpense/Pods-NoExpense-frameworks.sh\"\n";
			showEnvVarsInLog = 0;
		};
		FD2254C622E0FCD0006301CE /* Run Script - SwiftLint */ = {
			isa = PBXShellScriptBuildPhase;
			buildActionMask = 2147483647;
			files = (
			);
			inputFileListPaths = (
			);
			inputPaths = (
			);
			name = "Run Script - SwiftLint";
			outputFileListPaths = (
			);
			outputPaths = (
			);
			runOnlyForDeploymentPostprocessing = 0;
			shellPath = /bin/sh;
			shellScript = "if which swiftlint >/dev/null; then\nswiftlint\nelse\necho \"warning: SwiftLint not installed, download from https://github.com/realm/SwiftLint\"\nfi\n";
		};
/* End PBXShellScriptBuildPhase section */

/* Begin PBXSourcesBuildPhase section */
		FD2254AD22E0FCAC006301CE /* Sources */ = {
			isa = PBXSourcesBuildPhase;
			buildActionMask = 2147483647;
			files = (
				FD2254B722E0FCAC006301CE /* ViewController.swift in Sources */,
				FD3D7CBA22E3A0E800CE5B10 /* UIView+Extensions.swift in Sources */,
				FD3D7CB222E34BAE00CE5B10 /* OverviewViewController.swift in Sources */,
				FD22550F22E1ED3D006301CE /* String+Extensions.swift in Sources */,
				FD3D7CBC22E3E3E800CE5B10 /* Int+Extensions.swift in Sources */,
				FD2254E222E18F97006301CE /* UINavigationController+Rx.swift in Sources */,
				FD2254FF22E1B67C006301CE /* TransactionCell.swift in Sources */,
				FD3D7CB822E39AD600CE5B10 /* OverviewType.swift in Sources */,
				FD2254E522E1911A006301CE /* EditExpenseViewController.swift in Sources */,
				FD2254DF22E10C8C006301CE /* SceneTransitionType.swift in Sources */,
				FD2254B522E0FCAC006301CE /* AppDelegate.swift in Sources */,
				FD2254F522E19B59006301CE /* TransactionItem.swift in Sources */,
				FD2254E922E197FA006301CE /* TransactionsViewController.swift in Sources */,
				FD3D7CBE22E3E71700CE5B10 /* OverviewViewModel.swift in Sources */,
				FD2254DB22E108E4006301CE /* SceneCoordinatorType.swift in Sources */,
				FD2254DD22E10BE1006301CE /* Scene+ViewController.swift in Sources */,
				FD2254F222E19B29006301CE /* TransactionServiceType.swift in Sources */,
				FD2254FB22E1A553006301CE /* TransactionService.swift in Sources */,
				FD22550A22E1EAB3006301CE /* Date+Extensions.swift in Sources */,
				FD22550422E1DEAF006301CE /* UpdateInfo.swift in Sources */,
				FD2254F922E1A0C4006301CE /* EditExpenseViewModel.swift in Sources */,
				FD2254F722E1A02E006301CE /* BindableType.swift in Sources */,
				FD2254D722E1089A006301CE /* Scene.swift in Sources */,
				FD2254EF22E19AB5006301CE /* TransactionsViewModel.swift in Sources */,
				FD2254D922E108CF006301CE /* SceneCoordinator.swift in Sources */,
				FD22551322E208C8006301CE /* CategoryType.swift in Sources */,
			);
			runOnlyForDeploymentPostprocessing = 0;
		};
		FD2254C722E0FDD8006301CE /* Sources */ = {
			isa = PBXSourcesBuildPhase;
			buildActionMask = 2147483647;
			files = (
				FD2254CE22E0FDD8006301CE /* NoExpenseTests.swift in Sources */,
			);
			runOnlyForDeploymentPostprocessing = 0;
		};
/* End PBXSourcesBuildPhase section */

/* Begin PBXTargetDependency section */
		FD2254D122E0FDD8006301CE /* PBXTargetDependency */ = {
			isa = PBXTargetDependency;
			target = FD2254B022E0FCAC006301CE /* NoExpense */;
			targetProxy = FD2254D022E0FDD8006301CE /* PBXContainerItemProxy */;
		};
/* End PBXTargetDependency section */

/* Begin PBXVariantGroup section */
		FD2254BD22E0FCAE006301CE /* LaunchScreen.storyboard */ = {
			isa = PBXVariantGroup;
			children = (
				FD2254BE22E0FCAE006301CE /* Base */,
			);
			name = LaunchScreen.storyboard;
			sourceTree = "<group>";
		};
/* End PBXVariantGroup section */

/* Begin XCBuildConfiguration section */
		FD2254C122E0FCAE006301CE /* Debug */ = {
			isa = XCBuildConfiguration;
			buildSettings = {
				ALWAYS_SEARCH_USER_PATHS = NO;
				CLANG_ANALYZER_NONNULL = YES;
				CLANG_ANALYZER_NUMBER_OBJECT_CONVERSION = YES_AGGRESSIVE;
				CLANG_CXX_LANGUAGE_STANDARD = "gnu++14";
				CLANG_CXX_LIBRARY = "libc++";
				CLANG_ENABLE_MODULES = YES;
				CLANG_ENABLE_OBJC_ARC = YES;
				CLANG_ENABLE_OBJC_WEAK = YES;
				CLANG_WARN_BLOCK_CAPTURE_AUTORELEASING = YES;
				CLANG_WARN_BOOL_CONVERSION = YES;
				CLANG_WARN_COMMA = YES;
				CLANG_WARN_CONSTANT_CONVERSION = YES;
				CLANG_WARN_DEPRECATED_OBJC_IMPLEMENTATIONS = YES;
				CLANG_WARN_DIRECT_OBJC_ISA_USAGE = YES_ERROR;
				CLANG_WARN_DOCUMENTATION_COMMENTS = YES;
				CLANG_WARN_EMPTY_BODY = YES;
				CLANG_WARN_ENUM_CONVERSION = YES;
				CLANG_WARN_INFINITE_RECURSION = YES;
				CLANG_WARN_INT_CONVERSION = YES;
				CLANG_WARN_NON_LITERAL_NULL_CONVERSION = YES;
				CLANG_WARN_OBJC_IMPLICIT_RETAIN_SELF = YES;
				CLANG_WARN_OBJC_LITERAL_CONVERSION = YES;
				CLANG_WARN_OBJC_ROOT_CLASS = YES_ERROR;
				CLANG_WARN_RANGE_LOOP_ANALYSIS = YES;
				CLANG_WARN_STRICT_PROTOTYPES = YES;
				CLANG_WARN_SUSPICIOUS_MOVE = YES;
				CLANG_WARN_UNGUARDED_AVAILABILITY = YES_AGGRESSIVE;
				CLANG_WARN_UNREACHABLE_CODE = YES;
				CLANG_WARN__DUPLICATE_METHOD_MATCH = YES;
				CODE_SIGN_IDENTITY = "iPhone Developer";
				COPY_PHASE_STRIP = NO;
				DEBUG_INFORMATION_FORMAT = dwarf;
				ENABLE_STRICT_OBJC_MSGSEND = YES;
				ENABLE_TESTABILITY = YES;
				GCC_C_LANGUAGE_STANDARD = gnu11;
				GCC_DYNAMIC_NO_PIC = NO;
				GCC_NO_COMMON_BLOCKS = YES;
				GCC_OPTIMIZATION_LEVEL = 0;
				GCC_PREPROCESSOR_DEFINITIONS = (
					"DEBUG=1",
					"$(inherited)",
				);
				GCC_WARN_64_TO_32_BIT_CONVERSION = YES;
				GCC_WARN_ABOUT_RETURN_TYPE = YES_ERROR;
				GCC_WARN_UNDECLARED_SELECTOR = YES;
				GCC_WARN_UNINITIALIZED_AUTOS = YES_AGGRESSIVE;
				GCC_WARN_UNUSED_FUNCTION = YES;
				GCC_WARN_UNUSED_VARIABLE = YES;
				IPHONEOS_DEPLOYMENT_TARGET = 12.2;
				MTL_ENABLE_DEBUG_INFO = INCLUDE_SOURCE;
				MTL_FAST_MATH = YES;
				ONLY_ACTIVE_ARCH = YES;
				SDKROOT = iphoneos;
				SWIFT_ACTIVE_COMPILATION_CONDITIONS = DEBUG;
				SWIFT_OPTIMIZATION_LEVEL = "-Onone";
			};
			name = Debug;
		};
		FD2254C222E0FCAE006301CE /* Release */ = {
			isa = XCBuildConfiguration;
			buildSettings = {
				ALWAYS_SEARCH_USER_PATHS = NO;
				CLANG_ANALYZER_NONNULL = YES;
				CLANG_ANALYZER_NUMBER_OBJECT_CONVERSION = YES_AGGRESSIVE;
				CLANG_CXX_LANGUAGE_STANDARD = "gnu++14";
				CLANG_CXX_LIBRARY = "libc++";
				CLANG_ENABLE_MODULES = YES;
				CLANG_ENABLE_OBJC_ARC = YES;
				CLANG_ENABLE_OBJC_WEAK = YES;
				CLANG_WARN_BLOCK_CAPTURE_AUTORELEASING = YES;
				CLANG_WARN_BOOL_CONVERSION = YES;
				CLANG_WARN_COMMA = YES;
				CLANG_WARN_CONSTANT_CONVERSION = YES;
				CLANG_WARN_DEPRECATED_OBJC_IMPLEMENTATIONS = YES;
				CLANG_WARN_DIRECT_OBJC_ISA_USAGE = YES_ERROR;
				CLANG_WARN_DOCUMENTATION_COMMENTS = YES;
				CLANG_WARN_EMPTY_BODY = YES;
				CLANG_WARN_ENUM_CONVERSION = YES;
				CLANG_WARN_INFINITE_RECURSION = YES;
				CLANG_WARN_INT_CONVERSION = YES;
				CLANG_WARN_NON_LITERAL_NULL_CONVERSION = YES;
				CLANG_WARN_OBJC_IMPLICIT_RETAIN_SELF = YES;
				CLANG_WARN_OBJC_LITERAL_CONVERSION = YES;
				CLANG_WARN_OBJC_ROOT_CLASS = YES_ERROR;
				CLANG_WARN_RANGE_LOOP_ANALYSIS = YES;
				CLANG_WARN_STRICT_PROTOTYPES = YES;
				CLANG_WARN_SUSPICIOUS_MOVE = YES;
				CLANG_WARN_UNGUARDED_AVAILABILITY = YES_AGGRESSIVE;
				CLANG_WARN_UNREACHABLE_CODE = YES;
				CLANG_WARN__DUPLICATE_METHOD_MATCH = YES;
				CODE_SIGN_IDENTITY = "iPhone Developer";
				COPY_PHASE_STRIP = NO;
				DEBUG_INFORMATION_FORMAT = "dwarf-with-dsym";
				ENABLE_NS_ASSERTIONS = NO;
				ENABLE_STRICT_OBJC_MSGSEND = YES;
				GCC_C_LANGUAGE_STANDARD = gnu11;
				GCC_NO_COMMON_BLOCKS = YES;
				GCC_WARN_64_TO_32_BIT_CONVERSION = YES;
				GCC_WARN_ABOUT_RETURN_TYPE = YES_ERROR;
				GCC_WARN_UNDECLARED_SELECTOR = YES;
				GCC_WARN_UNINITIALIZED_AUTOS = YES_AGGRESSIVE;
				GCC_WARN_UNUSED_FUNCTION = YES;
				GCC_WARN_UNUSED_VARIABLE = YES;
				IPHONEOS_DEPLOYMENT_TARGET = 12.2;
				MTL_ENABLE_DEBUG_INFO = NO;
				MTL_FAST_MATH = YES;
				SDKROOT = iphoneos;
				SWIFT_COMPILATION_MODE = wholemodule;
				SWIFT_OPTIMIZATION_LEVEL = "-O";
				VALIDATE_PRODUCT = YES;
			};
			name = Release;
		};
		FD2254C422E0FCAE006301CE /* Debug */ = {
			isa = XCBuildConfiguration;
			baseConfigurationReference = 7E5245EC9C9448F17D7E1652 /* Pods-NoExpense.debug.xcconfig */;
			buildSettings = {
				ASSETCATALOG_COMPILER_APPICON_NAME = AppIcon;
				CODE_SIGN_STYLE = Automatic;
				DEVELOPMENT_TEAM = 2HBTRJG3KJ;
				INFOPLIST_FILE = NoExpense/Info.plist;
				IPHONEOS_DEPLOYMENT_TARGET = 10.0;
				LD_RUNPATH_SEARCH_PATHS = (
					"$(inherited)",
					"@executable_path/Frameworks",
				);
				PRODUCT_BUNDLE_IDENTIFIER = com.aashishtamsya.ios.NoExpense;
				PRODUCT_NAME = "$(TARGET_NAME)";
				SWIFT_VERSION = 5.0;
				TARGETED_DEVICE_FAMILY = "1,2";
			};
			name = Debug;
		};
		FD2254C522E0FCAE006301CE /* Release */ = {
			isa = XCBuildConfiguration;
			baseConfigurationReference = 9B288F2EAEA7A94EE446420E /* Pods-NoExpense.release.xcconfig */;
			buildSettings = {
				ASSETCATALOG_COMPILER_APPICON_NAME = AppIcon;
				CODE_SIGN_STYLE = Automatic;
				DEVELOPMENT_TEAM = 2HBTRJG3KJ;
				INFOPLIST_FILE = NoExpense/Info.plist;
				IPHONEOS_DEPLOYMENT_TARGET = 10.0;
				LD_RUNPATH_SEARCH_PATHS = (
					"$(inherited)",
					"@executable_path/Frameworks",
				);
				PRODUCT_BUNDLE_IDENTIFIER = com.aashishtamsya.ios.NoExpense;
				PRODUCT_NAME = "$(TARGET_NAME)";
				SWIFT_VERSION = 5.0;
				TARGETED_DEVICE_FAMILY = "1,2";
			};
			name = Release;
		};
		FD2254D222E0FDD8006301CE /* Debug */ = {
			isa = XCBuildConfiguration;
			baseConfigurationReference = C99B7BB63AAD57F9B6C83BFC /* Pods-NoExpenseTests.debug.xcconfig */;
			buildSettings = {
				BUNDLE_LOADER = "$(TEST_HOST)";
				CODE_SIGN_STYLE = Automatic;
				DEVELOPMENT_TEAM = 2HBTRJG3KJ;
				INFOPLIST_FILE = NoExpenseTests/Info.plist;
				LD_RUNPATH_SEARCH_PATHS = (
					"$(inherited)",
					"@executable_path/Frameworks",
					"@loader_path/Frameworks",
				);
				PRODUCT_BUNDLE_IDENTIFIER = com.aashishtamsya.ios.NoExpenseTests;
				PRODUCT_NAME = "$(TARGET_NAME)";
				SWIFT_VERSION = 5.0;
				TARGETED_DEVICE_FAMILY = "1,2";
				TEST_HOST = "$(BUILT_PRODUCTS_DIR)/NoExpense.app/NoExpense";
			};
			name = Debug;
		};
		FD2254D322E0FDD8006301CE /* Release */ = {
			isa = XCBuildConfiguration;
			baseConfigurationReference = 5314B4197631E017933706EA /* Pods-NoExpenseTests.release.xcconfig */;
			buildSettings = {
				BUNDLE_LOADER = "$(TEST_HOST)";
				CODE_SIGN_STYLE = Automatic;
				DEVELOPMENT_TEAM = 2HBTRJG3KJ;
				INFOPLIST_FILE = NoExpenseTests/Info.plist;
				LD_RUNPATH_SEARCH_PATHS = (
					"$(inherited)",
					"@executable_path/Frameworks",
					"@loader_path/Frameworks",
				);
				PRODUCT_BUNDLE_IDENTIFIER = com.aashishtamsya.ios.NoExpenseTests;
				PRODUCT_NAME = "$(TARGET_NAME)";
				SWIFT_VERSION = 5.0;
				TARGETED_DEVICE_FAMILY = "1,2";
				TEST_HOST = "$(BUILT_PRODUCTS_DIR)/NoExpense.app/NoExpense";
			};
			name = Release;
		};
/* End XCBuildConfiguration section */

/* Begin XCConfigurationList section */
		FD2254AC22E0FCAC006301CE /* Build configuration list for PBXProject "NoExpense" */ = {
			isa = XCConfigurationList;
			buildConfigurations = (
				FD2254C122E0FCAE006301CE /* Debug */,
				FD2254C222E0FCAE006301CE /* Release */,
			);
			defaultConfigurationIsVisible = 0;
			defaultConfigurationName = Release;
		};
		FD2254C322E0FCAE006301CE /* Build configuration list for PBXNativeTarget "NoExpense" */ = {
			isa = XCConfigurationList;
			buildConfigurations = (
				FD2254C422E0FCAE006301CE /* Debug */,
				FD2254C522E0FCAE006301CE /* Release */,
			);
			defaultConfigurationIsVisible = 0;
			defaultConfigurationName = Release;
		};
		FD2254D422E0FDD8006301CE /* Build configuration list for PBXNativeTarget "NoExpenseTests" */ = {
			isa = XCConfigurationList;
			buildConfigurations = (
				FD2254D222E0FDD8006301CE /* Debug */,
				FD2254D322E0FDD8006301CE /* Release */,
			);
			defaultConfigurationIsVisible = 0;
			defaultConfigurationName = Release;
		};
/* End XCConfigurationList section */
	};
	rootObject = FD2254A922E0FCAC006301CE /* Project object */;
}
